{
    "name": "anti-addiction-terminator",
    "version": "1.3.3",
    "lockfileVersion": 3,
    "requires": true,
    "packages": {
        "": {
            "name": "anti-addiction-terminator",
            "version": "1.3.3",
            "license": "GPL-3.0",
            "devDependencies": {
                "@types/chrome": "^0.0.244"
            }
        },
        "node_modules/@types/chrome": {
            "version": "0.0.244",
            "resolved": "https://registry.npmmirror.com/@types/chrome/-/chrome-0.0.244.tgz",
            "integrity": "sha512-pC8kBWuUqGhG6S5d3E44a2f1TA2XHX/sXfCIrrDpA4K65Ozzw3mYQjuvMOTdSUCx4HjJhp4zuZh6fKOH3UdA1g==",
            "dev": true,
            "dependencies": {
                "@types/filesystem": "*",
                "@types/har-format": "*"
            }
        },
        "node_modules/@types/filesystem": {
            "version": "0.0.32",
            "resolved": "https://registry.npmmirror.com/@types/filesystem/-/filesystem-0.0.32.tgz",
            "integrity": "sha512-Yuf4jR5YYMR2DVgwuCiP11s0xuVRyPKmz8vo6HBY3CGdeMj8af93CFZX+T82+VD1+UqHOxTq31lO7MI7lepBtQ==",
            "dev": true,
            "dependencies": {
                "@types/filewriter": "*"
            }
        },
        "node_modules/@types/filewriter": {
            "version": "0.0.29",
            "resolved": "https://registry.npmmirror.com/@types/filewriter/-/filewriter-0.0.29.tgz",
            "integrity": "sha512-BsPXH/irW0ht0Ji6iw/jJaK8Lj3FJemon2gvEqHKpCdDCeemHa+rI3WBGq5z7cDMZgoLjY40oninGxqk+8NzNQ==",
            "dev": true
        },
        "node_modules/@types/har-format": {
            "version": "1.2.10",
            "resolved": "https://registry.npmmirror.com/@types/har-format/-/har-format-1.2.10.tgz",
            "integrity": "sha512-o0J30wqycjF5miWDKYKKzzOU1ZTLuA42HZ4HE7/zqTOc/jTLdQ5NhYWvsRQo45Nfi1KHoRdNhteSI4BAxTF1Pg==",
            "dev": true
        }
    }
}
